// !$*UTF8*$!
{
	archiveVersion = 1;
	classes = {
	};
	objectVersion = 46;
	objects = {

/* Begin PBXBuildFile section */
		A72A2D4C1AA8F8B30039D726 /* utensilIconCopy.png in Resources */ = {isa = PBXBuildFile; fileRef = A72A2D4B1AA8F8B30039D726 /* utensilIconCopy.png */; };
		A73675BE1AB274770049F815 /* RetailFoodViewController.swift in Sources */ = {isa = PBXBuildFile; fileRef = A73675BD1AB274770049F815 /* RetailFoodViewController.swift */; };
		A73675C01AB274AF0049F815 /* CustomCell.swift in Sources */ = {isa = PBXBuildFile; fileRef = A73675BF1AB274AF0049F815 /* CustomCell.swift */; };
		A73675C41AB275D00049F815 /* Restaurants.swift in Sources */ = {isa = PBXBuildFile; fileRef = A73675C31AB275D00049F815 /* Restaurants.swift */; };
		A739C32C1ABA043300D81458 /* HomepageMenu2.jpg in Resources */ = {isa = PBXBuildFile; fileRef = A739C32B1ABA043300D81458 /* HomepageMenu2.jpg */; };
		A739C32E1ABA077600D81458 /* HomePage3.png in Resources */ = {isa = PBXBuildFile; fileRef = A739C32D1ABA077600D81458 /* HomePage3.png */; };
		A739C3301ABA098500D81458 /* ClarkHQ.jpeg in Resources */ = {isa = PBXBuildFile; fileRef = A739C32F1ABA098500D81458 /* ClarkHQ.jpeg */; };
		A739C3321ABA0D6500D81458 /* Bookstore.jpeg in Resources */ = {isa = PBXBuildFile; fileRef = A739C3311ABA0D6500D81458 /* Bookstore.jpeg */; };
		A739C3391ABA0FAA00D81458 /* Building Hours.png in Resources */ = {isa = PBXBuildFile; fileRef = A739C3331ABA0FAA00D81458 /* Building Hours.png */; };
		A739C33A1ABA0FAA00D81458 /* Contacts.png in Resources */ = {isa = PBXBuildFile; fileRef = A739C3341ABA0FAA00D81458 /* Contacts.png */; };
		A739C33B1ABA0FAA00D81458 /* External Links.png in Resources */ = {isa = PBXBuildFile; fileRef = A739C3351ABA0FAA00D81458 /* External Links.png */; };
		A739C33C1ABA0FAA00D81458 /* Food Button.png in Resources */ = {isa = PBXBuildFile; fileRef = A739C3361ABA0FAA00D81458 /* Food Button.png */; };
		A739C33D1ABA0FAA00D81458 /* Map.png in Resources */ = {isa = PBXBuildFile; fileRef = A739C3371ABA0FAA00D81458 /* Map.png */; };
		A739C33E1ABA0FAA00D81458 /* Schedule.png in Resources */ = {isa = PBXBuildFile; fileRef = A739C3381ABA0FAA00D81458 /* Schedule.png */; };
		A778C8401AB2A55600175CE7 /* person1.png in Resources */ = {isa = PBXBuildFile; fileRef = A778C83E1AB2A55600175CE7 /* person1.png */; };
		A778C8411AB2A55600175CE7 /* person2.png in Resources */ = {isa = PBXBuildFile; fileRef = A778C83F1AB2A55600175CE7 /* person2.png */; };
		A7B89D281AB620F800503A92 /* bg2.png in Resources */ = {isa = PBXBuildFile; fileRef = A7B89D271AB620F700503A92 /* bg2.png */; };
		A7BDAA9F1AA109CB00E35518 /* AppDelegate.swift in Sources */ = {isa = PBXBuildFile; fileRef = A7BDAA9E1AA109CB00E35518 /* AppDelegate.swift */; };
		A7BDAAA11AA109CB00E35518 /* Home page.swift in Sources */ = {isa = PBXBuildFile; fileRef = A7BDAAA01AA109CB00E35518 /* Home page.swift */; };
		A7BDAAA41AA109CB00E35518 /* Main.storyboard in Resources */ = {isa = PBXBuildFile; fileRef = A7BDAAA21AA109CB00E35518 /* Main.storyboard */; };
		A7BDAAA61AA109CB00E35518 /* Images.xcassets in Resources */ = {isa = PBXBuildFile; fileRef = A7BDAAA51AA109CB00E35518 /* Images.xcassets */; };
		A7BDAAA91AA109CB00E35518 /* LaunchScreen.xib in Resources */ = {isa = PBXBuildFile; fileRef = A7BDAAA71AA109CB00E35518 /* LaunchScreen.xib */; };
		A7BDAAB51AA109CB00E35518 /* First_Year_AppTests.swift in Sources */ = {isa = PBXBuildFile; fileRef = A7BDAAB41AA109CB00E35518 /* First_Year_AppTests.swift */; };
		A7E437A11AB36B3A0015B1CC /* DetailViewController.swift in Sources */ = {isa = PBXBuildFile; fileRef = A7E437A01AB36B3A0015B1CC /* DetailViewController.swift */; };
		A7E437AE1AB372220015B1CC /* Booster Juice.png in Resources */ = {isa = PBXBuildFile; fileRef = A7E437A21AB372220015B1CC /* Booster Juice.png */; };
		A7E437AF1AB372230015B1CC /* CGC.png in Resources */ = {isa = PBXBuildFile; fileRef = A7E437A31AB372220015B1CC /* CGC.png */; };
		A7E437B01AB372230015B1CC /* Goode's Cafe.png in Resources */ = {isa = PBXBuildFile; fileRef = A7E437A41AB372220015B1CC /* Goode's Cafe.png */; };
		A7E437B11AB372230015B1CC /* Gords Cafe.png in Resources */ = {isa = PBXBuildFile; fileRef = A7E437A51AB372220015B1CC /* Gords Cafe.png */; };
		A7E437B21AB372230015B1CC /* Khao-Restaurant.png in Resources */ = {isa = PBXBuildFile; fileRef = A7E437A61AB372220015B1CC /* Khao-Restaurant.png */; };
		A7E437B31AB372230015B1CC /* MC2.png in Resources */ = {isa = PBXBuildFile; fileRef = A7E437A71AB372220015B1CC /* MC2.png */; };
		A7E437B41AB372230015B1CC /* Pita Pit.png in Resources */ = {isa = PBXBuildFile; fileRef = A7E437A81AB372220015B1CC /* Pita Pit.png */; };
		A7E437B51AB372230015B1CC /* Pizza Pizza.png in Resources */ = {isa = PBXBuildFile; fileRef = A7E437A91AB372220015B1CC /* Pizza Pizza.png */; };
		A7E437B61AB372230015B1CC /* Quiznos.png in Resources */ = {isa = PBXBuildFile; fileRef = A7E437AA1AB372220015B1CC /* Quiznos.png */; };
		A7E437B71AB372230015B1CC /* Starbucks.png in Resources */ = {isa = PBXBuildFile; fileRef = A7E437AB1AB372220015B1CC /* Starbucks.png */; };
		A7E437B81AB372230015B1CC /* Teryaki.png in Resources */ = {isa = PBXBuildFile; fileRef = A7E437AC1AB372220015B1CC /* Teryaki.png */; };
		A7E437B91AB372230015B1CC /* Tim Hortons.png in Resources */ = {isa = PBXBuildFile; fileRef = A7E437AD1AB372220015B1CC /* Tim Hortons.png */; };
		A7E437BB1AB375190015B1CC /* Lazy.png in Resources */ = {isa = PBXBuildFile; fileRef = A7E437BA1AB375190015B1CC /* Lazy.png */; };
		A7F7915C1AA6476F001A88A2 /* douglasLibrary.jpg in Resources */ = {isa = PBXBuildFile; fileRef = A7F7915B1AA6476F001A88A2 /* douglasLibrary.jpg */; };
		A7F7915E1AA64FD4001A88A2 /* douglasLibraryCopy.jpg in Resources */ = {isa = PBXBuildFile; fileRef = A7F7915D1AA64FD4001A88A2 /* douglasLibraryCopy.jpg */; };
		FA0720441AAF60B2000F42FC /* Schedule.swift in Sources */ = {isa = PBXBuildFile; fileRef = FA0720431AAF60B2000F42FC /* Schedule.swift */; };
		FA0720461AAF75D6000F42FC /* DrivingMap.swift in Sources */ = {isa = PBXBuildFile; fileRef = FA0720451AAF75D6000F42FC /* DrivingMap.swift */; };
		FA4B61181AB0C63700C3BDAB /* TopBarMap.jpg in Resources */ = {isa = PBXBuildFile; fileRef = FA4B61171AB0C63700C3BDAB /* TopBarMap.jpg */; };
		FA4B617E1AB0DAAD00C3BDAB /* WalkingMap.swift in Sources */ = {isa = PBXBuildFile; fileRef = FA4B617D1AB0DAAD00C3BDAB /* WalkingMap.swift */; };
		FA4B61841AB0DDBD00C3BDAB /* TransitMap.swift in Sources */ = {isa = PBXBuildFile; fileRef = FA4B61831AB0DDBD00C3BDAB /* TransitMap.swift */; };
		FA6D8DB81ABA08EA00FE94B5 /* BanRigh.swift in Sources */ = {isa = PBXBuildFile; fileRef = FA6D8DB71ABA08EA00FE94B5 /* BanRigh.swift */; };
		FA6D8DBA1ABA0F1400FE94B5 /* Leonard.swift in Sources */ = {isa = PBXBuildFile; fileRef = FA6D8DB91ABA0F1400FE94B5 /* Leonard.swift */; };
		FA6D8DBC1ABA103B00FE94B5 /* JeanRoyce.swift in Sources */ = {isa = PBXBuildFile; fileRef = FA6D8DBB1ABA103B00FE94B5 /* JeanRoyce.swift */; };
		FADA5C471ABB76DD000F9F10 /* Bus.png in Resources */ = {isa = PBXBuildFile; fileRef = FADA5C441ABB76DD000F9F10 /* Bus.png */; };
		FADA5C491ABB76DD000F9F10 /* Walking.png in Resources */ = {isa = PBXBuildFile; fileRef = FADA5C461ABB76DD000F9F10 /* Walking.png */; };
		FAE037731ABCA9030098B353 /* car-2.png in Resources */ = {isa = PBXBuildFile; fileRef = FAE037721ABCA9030098B353 /* car-2.png */; };
		FAE037751ABCAABD0098B353 /* QueensU.swift in Sources */ = {isa = PBXBuildFile; fileRef = FAE037741ABCAABD0098B353 /* QueensU.swift */; };
		FAE037771ABCAAD10098B353 /* Moodle.swift in Sources */ = {isa = PBXBuildFile; fileRef = FAE037761ABCAAD10098B353 /* Moodle.swift */; };
		FAE037791ABCAADC0098B353 /* D2L.swift in Sources */ = {isa = PBXBuildFile; fileRef = FAE037781ABCAADC0098B353 /* D2L.swift */; };
		FAE0377B1ABCAAE40098B353 /* Solus.swift in Sources */ = {isa = PBXBuildFile; fileRef = FAE0377A1ABCAAE40098B353 /* Solus.swift */; };
		FAE0377D1ABCAAF50098B353 /* CheckYourMeals.swift in Sources */ = {isa = PBXBuildFile; fileRef = FAE0377C1ABCAAF50098B353 /* CheckYourMeals.swift */; };
		FAE0377F1ABCB6FC0098B353 /* ExternalLinks.png in Resources */ = {isa = PBXBuildFile; fileRef = FAE0377E1ABCB6FC0098B353 /* ExternalLinks.png */; };
/* End PBXBuildFile section */

/* Begin PBXContainerItemProxy section */
		A7BDAAAF1AA109CB00E35518 /* PBXContainerItemProxy */ = {
			isa = PBXContainerItemProxy;
			containerPortal = A7BDAA911AA109CB00E35518 /* Project object */;
			proxyType = 1;
			remoteGlobalIDString = A7BDAA981AA109CB00E35518;
			remoteInfo = "First Year App";
		};
/* End PBXContainerItemProxy section */

/* Begin PBXFileReference section */
		A72A2D4B1AA8F8B30039D726 /* utensilIconCopy.png */ = {isa = PBXFileReference; lastKnownFileType = image.png; path = utensilIconCopy.png; sourceTree = "<group>"; };
		A73675BD1AB274770049F815 /* RetailFoodViewController.swift */ = {isa = PBXFileReference; fileEncoding = 4; lastKnownFileType = sourcecode.swift; path = RetailFoodViewController.swift; sourceTree = "<group>"; };
		A73675BF1AB274AF0049F815 /* CustomCell.swift */ = {isa = PBXFileReference; fileEncoding = 4; lastKnownFileType = sourcecode.swift; path = CustomCell.swift; sourceTree = "<group>"; };
		A73675C31AB275D00049F815 /* Restaurants.swift */ = {isa = PBXFileReference; fileEncoding = 4; lastKnownFileType = sourcecode.swift; path = Restaurants.swift; sourceTree = "<group>"; };
		A739C32B1ABA043300D81458 /* HomepageMenu2.jpg */ = {isa = PBXFileReference; lastKnownFileType = image.jpeg; path = HomepageMenu2.jpg; sourceTree = "<group>"; };
		A739C32D1ABA077600D81458 /* HomePage3.png */ = {isa = PBXFileReference; lastKnownFileType = image.png; path = HomePage3.png; sourceTree = "<group>"; };
		A739C32F1ABA098500D81458 /* ClarkHQ.jpeg */ = {isa = PBXFileReference; lastKnownFileType = image.jpeg; path = ClarkHQ.jpeg; sourceTree = "<group>"; };
		A739C3311ABA0D6500D81458 /* Bookstore.jpeg */ = {isa = PBXFileReference; lastKnownFileType = image.jpeg; path = Bookstore.jpeg; sourceTree = "<group>"; };
		A739C3331ABA0FAA00D81458 /* Building Hours.png */ = {isa = PBXFileReference; lastKnownFileType = image.png; path = "Building Hours.png"; sourceTree = "<group>"; };
		A739C3341ABA0FAA00D81458 /* Contacts.png */ = {isa = PBXFileReference; lastKnownFileType = image.png; path = Contacts.png; sourceTree = "<group>"; };
		A739C3351ABA0FAA00D81458 /* External Links.png */ = {isa = PBXFileReference; lastKnownFileType = image.png; path = "External Links.png"; sourceTree = "<group>"; };
		A739C3361ABA0FAA00D81458 /* Food Button.png */ = {isa = PBXFileReference; lastKnownFileType = image.png; path = "Food Button.png"; sourceTree = "<group>"; };
		A739C3371ABA0FAA00D81458 /* Map.png */ = {isa = PBXFileReference; lastKnownFileType = image.png; path = Map.png; sourceTree = "<group>"; };
		A739C3381ABA0FAA00D81458 /* Schedule.png */ = {isa = PBXFileReference; lastKnownFileType = image.png; path = Schedule.png; sourceTree = "<group>"; };
		A778C83E1AB2A55600175CE7 /* person1.png */ = {isa = PBXFileReference; lastKnownFileType = image.png; path = person1.png; sourceTree = "<group>"; };
		A778C83F1AB2A55600175CE7 /* person2.png */ = {isa = PBXFileReference; lastKnownFileType = image.png; path = person2.png; sourceTree = "<group>"; };
		A7B89D271AB620F700503A92 /* bg2.png */ = {isa = PBXFileReference; lastKnownFileType = image.png; path = bg2.png; sourceTree = "<group>"; };
		A7BDAA991AA109CB00E35518 /* First Year App.app */ = {isa = PBXFileReference; explicitFileType = wrapper.application; includeInIndex = 0; path = "First Year App.app"; sourceTree = BUILT_PRODUCTS_DIR; };
		A7BDAA9D1AA109CB00E35518 /* Info.plist */ = {isa = PBXFileReference; lastKnownFileType = text.plist.xml; path = Info.plist; sourceTree = "<group>"; };
		A7BDAA9E1AA109CB00E35518 /* AppDelegate.swift */ = {isa = PBXFileReference; lastKnownFileType = sourcecode.swift; path = AppDelegate.swift; sourceTree = "<group>"; };
		A7BDAAA01AA109CB00E35518 /* Home page.swift */ = {isa = PBXFileReference; lastKnownFileType = sourcecode.swift; path = "Home page.swift"; sourceTree = "<group>"; };
		A7BDAAA31AA109CB00E35518 /* Base */ = {isa = PBXFileReference; lastKnownFileType = file.storyboard; name = Base; path = Base.lproj/Main.storyboard; sourceTree = "<group>"; };
		A7BDAAA51AA109CB00E35518 /* Images.xcassets */ = {isa = PBXFileReference; lastKnownFileType = folder.assetcatalog; path = Images.xcassets; sourceTree = "<group>"; };
		A7BDAAA81AA109CB00E35518 /* Base */ = {isa = PBXFileReference; lastKnownFileType = file.xib; name = Base; path = Base.lproj/LaunchScreen.xib; sourceTree = "<group>"; };
		A7BDAAAE1AA109CB00E35518 /* First Year AppTests.xctest */ = {isa = PBXFileReference; explicitFileType = wrapper.cfbundle; includeInIndex = 0; path = "First Year AppTests.xctest"; sourceTree = BUILT_PRODUCTS_DIR; };
		A7BDAAB31AA109CB00E35518 /* Info.plist */ = {isa = PBXFileReference; lastKnownFileType = text.plist.xml; path = Info.plist; sourceTree = "<group>"; };
		A7BDAAB41AA109CB00E35518 /* First_Year_AppTests.swift */ = {isa = PBXFileReference; lastKnownFileType = sourcecode.swift; path = First_Year_AppTests.swift; sourceTree = "<group>"; };
		A7E437A01AB36B3A0015B1CC /* DetailViewController.swift */ = {isa = PBXFileReference; fileEncoding = 4; lastKnownFileType = sourcecode.swift; path = DetailViewController.swift; sourceTree = "<group>"; };
		A7E437A21AB372220015B1CC /* Booster Juice.png */ = {isa = PBXFileReference; lastKnownFileType = image.png; path = "Booster Juice.png"; sourceTree = "<group>"; };
		A7E437A31AB372220015B1CC /* CGC.png */ = {isa = PBXFileReference; lastKnownFileType = image.png; path = CGC.png; sourceTree = "<group>"; };
		A7E437A41AB372220015B1CC /* Goode's Cafe.png */ = {isa = PBXFileReference; lastKnownFileType = image.png; path = "Goode's Cafe.png"; sourceTree = "<group>"; };
		A7E437A51AB372220015B1CC /* Gords Cafe.png */ = {isa = PBXFileReference; lastKnownFileType = image.png; path = "Gords Cafe.png"; sourceTree = "<group>"; };
		A7E437A61AB372220015B1CC /* Khao-Restaurant.png */ = {isa = PBXFileReference; lastKnownFileType = image.png; path = "Khao-Restaurant.png"; sourceTree = "<group>"; };
		A7E437A71AB372220015B1CC /* MC2.png */ = {isa = PBXFileReference; lastKnownFileType = image.png; path = MC2.png; sourceTree = "<group>"; };
		A7E437A81AB372220015B1CC /* Pita Pit.png */ = {isa = PBXFileReference; lastKnownFileType = image.png; path = "Pita Pit.png"; sourceTree = "<group>"; };
		A7E437A91AB372220015B1CC /* Pizza Pizza.png */ = {isa = PBXFileReference; lastKnownFileType = image.png; path = "Pizza Pizza.png"; sourceTree = "<group>"; };
		A7E437AA1AB372220015B1CC /* Quiznos.png */ = {isa = PBXFileReference; lastKnownFileType = image.png; path = Quiznos.png; sourceTree = "<group>"; };
		A7E437AB1AB372220015B1CC /* Starbucks.png */ = {isa = PBXFileReference; lastKnownFileType = image.png; path = Starbucks.png; sourceTree = "<group>"; };
		A7E437AC1AB372220015B1CC /* Teryaki.png */ = {isa = PBXFileReference; lastKnownFileType = image.png; path = Teryaki.png; sourceTree = "<group>"; };
		A7E437AD1AB372220015B1CC /* Tim Hortons.png */ = {isa = PBXFileReference; lastKnownFileType = image.png; path = "Tim Hortons.png"; sourceTree = "<group>"; };
		A7E437BA1AB375190015B1CC /* Lazy.png */ = {isa = PBXFileReference; lastKnownFileType = image.png; path = Lazy.png; sourceTree = "<group>"; };
		A7F7915B1AA6476F001A88A2 /* douglasLibrary.jpg */ = {isa = PBXFileReference; lastKnownFileType = image.jpeg; path = douglasLibrary.jpg; sourceTree = "<group>"; };
		A7F7915D1AA64FD4001A88A2 /* douglasLibraryCopy.jpg */ = {isa = PBXFileReference; lastKnownFileType = image.jpeg; path = douglasLibraryCopy.jpg; sourceTree = "<group>"; };
		FA0720431AAF60B2000F42FC /* Schedule.swift */ = {isa = PBXFileReference; fileEncoding = 4; lastKnownFileType = sourcecode.swift; path = Schedule.swift; sourceTree = "<group>"; };
		FA0720451AAF75D6000F42FC /* DrivingMap.swift */ = {isa = PBXFileReference; fileEncoding = 4; lastKnownFileType = sourcecode.swift; path = DrivingMap.swift; sourceTree = "<group>"; };
		FA4B61171AB0C63700C3BDAB /* TopBarMap.jpg */ = {isa = PBXFileReference; lastKnownFileType = image.jpeg; path = TopBarMap.jpg; sourceTree = "<group>"; };
		FA4B617D1AB0DAAD00C3BDAB /* WalkingMap.swift */ = {isa = PBXFileReference; fileEncoding = 4; lastKnownFileType = sourcecode.swift; path = WalkingMap.swift; sourceTree = "<group>"; };
		FA4B61831AB0DDBD00C3BDAB /* TransitMap.swift */ = {isa = PBXFileReference; fileEncoding = 4; lastKnownFileType = sourcecode.swift; path = TransitMap.swift; sourceTree = "<group>"; };
		FA6D8DB71ABA08EA00FE94B5 /* BanRigh.swift */ = {isa = PBXFileReference; fileEncoding = 4; lastKnownFileType = sourcecode.swift; path = BanRigh.swift; sourceTree = "<group>"; };
		FA6D8DB91ABA0F1400FE94B5 /* Leonard.swift */ = {isa = PBXFileReference; fileEncoding = 4; lastKnownFileType = sourcecode.swift; path = Leonard.swift; sourceTree = "<group>"; };
		FA6D8DBB1ABA103B00FE94B5 /* JeanRoyce.swift */ = {isa = PBXFileReference; fileEncoding = 4; lastKnownFileType = sourcecode.swift; path = JeanRoyce.swift; sourceTree = "<group>"; };
		FADA5C441ABB76DD000F9F10 /* Bus.png */ = {isa = PBXFileReference; lastKnownFileType = image.png; path = Bus.png; sourceTree = "<group>"; };
		FADA5C461ABB76DD000F9F10 /* Walking.png */ = {isa = PBXFileReference; lastKnownFileType = image.png; path = Walking.png; sourceTree = "<group>"; };
		FAE037721ABCA9030098B353 /* car-2.png */ = {isa = PBXFileReference; lastKnownFileType = image.png; path = "car-2.png"; sourceTree = "<group>"; };
		FAE037741ABCAABD0098B353 /* QueensU.swift */ = {isa = PBXFileReference; fileEncoding = 4; lastKnownFileType = sourcecode.swift; path = QueensU.swift; sourceTree = "<group>"; };
		FAE037761ABCAAD10098B353 /* Moodle.swift */ = {isa = PBXFileReference; fileEncoding = 4; lastKnownFileType = sourcecode.swift; path = Moodle.swift; sourceTree = "<group>"; };
		FAE037781ABCAADC0098B353 /* D2L.swift */ = {isa = PBXFileReference; fileEncoding = 4; lastKnownFileType = sourcecode.swift; path = D2L.swift; sourceTree = "<group>"; };
		FAE0377A1ABCAAE40098B353 /* Solus.swift */ = {isa = PBXFileReference; fileEncoding = 4; lastKnownFileType = sourcecode.swift; path = Solus.swift; sourceTree = "<group>"; };
		FAE0377C1ABCAAF50098B353 /* CheckYourMeals.swift */ = {isa = PBXFileReference; fileEncoding = 4; lastKnownFileType = sourcecode.swift; path = CheckYourMeals.swift; sourceTree = "<group>"; };
		FAE0377E1ABCB6FC0098B353 /* ExternalLinks.png */ = {isa = PBXFileReference; lastKnownFileType = image.png; path = ExternalLinks.png; sourceTree = "<group>"; };
/* End PBXFileReference section */

/* Begin PBXFrameworksBuildPhase section */
		A7BDAA961AA109CB00E35518 /* Frameworks */ = {
			isa = PBXFrameworksBuildPhase;
			buildActionMask = 2147483647;
			files = (
			);
			runOnlyForDeploymentPostprocessing = 0;
		};
		A7BDAAAB1AA109CB00E35518 /* Frameworks */ = {
			isa = PBXFrameworksBuildPhase;
			buildActionMask = 2147483647;
			files = (
			);
			runOnlyForDeploymentPostprocessing = 0;
		};
/* End PBXFrameworksBuildPhase section */

/* Begin PBXGroup section */
		A7BDAA901AA109CB00E35518 = {
			isa = PBXGroup;
			children = (
				A7BDAA9B1AA109CB00E35518 /* First Year App */,
				A7BDAAB11AA109CB00E35518 /* First Year AppTests */,
				A7BDAA9A1AA109CB00E35518 /* Products */,
			);
			sourceTree = "<group>";
		};
		A7BDAA9A1AA109CB00E35518 /* Products */ = {
			isa = PBXGroup;
			children = (
				A7BDAA991AA109CB00E35518 /* First Year App.app */,
				A7BDAAAE1AA109CB00E35518 /* First Year AppTests.xctest */,
			);
			name = Products;
			sourceTree = "<group>";
		};
		A7BDAA9B1AA109CB00E35518 /* First Year App */ = {
			isa = PBXGroup;
			children = (
				A7BDAA9E1AA109CB00E35518 /* AppDelegate.swift */,
				A73675C31AB275D00049F815 /* Restaurants.swift */,
				A73675BD1AB274770049F815 /* RetailFoodViewController.swift */,
				A7E437A01AB36B3A0015B1CC /* DetailViewController.swift */,
				A73675BF1AB274AF0049F815 /* CustomCell.swift */,
				A7BDAAA01AA109CB00E35518 /* Home page.swift */,
				FAE037761ABCAAD10098B353 /* Moodle.swift */,
				FAE037781ABCAADC0098B353 /* D2L.swift */,
				FAE0377A1ABCAAE40098B353 /* Solus.swift */,
				FAE0377C1ABCAAF50098B353 /* CheckYourMeals.swift */,
				FAE037741ABCAABD0098B353 /* QueensU.swift */,
				FA6D8DB71ABA08EA00FE94B5 /* BanRigh.swift */,
				FA6D8DB91ABA0F1400FE94B5 /* Leonard.swift */,
				FA6D8DBB1ABA103B00FE94B5 /* JeanRoyce.swift */,
				FA0720451AAF75D6000F42FC /* DrivingMap.swift */,
				FA0720431AAF60B2000F42FC /* Schedule.swift */,
				FA4B61831AB0DDBD00C3BDAB /* TransitMap.swift */,
				FA4B617D1AB0DAAD00C3BDAB /* WalkingMap.swift */,
				A7BDAAA21AA109CB00E35518 /* Main.storyboard */,
				A7BDAAA51AA109CB00E35518 /* Images.xcassets */,
				A7BDAAA71AA109CB00E35518 /* LaunchScreen.xib */,
				A7BDAA9C1AA109CB00E35518 /* Supporting Files */,
			);
			path = "First Year App";
			sourceTree = "<group>";
		};
		A7BDAA9C1AA109CB00E35518 /* Supporting Files */ = {
			isa = PBXGroup;
			children = (
				FAE0377E1ABCB6FC0098B353 /* ExternalLinks.png */,
				A739C3331ABA0FAA00D81458 /* Building Hours.png */,
				A739C3341ABA0FAA00D81458 /* Contacts.png */,
				A739C3351ABA0FAA00D81458 /* External Links.png */,
				A739C3361ABA0FAA00D81458 /* Food Button.png */,
				A739C3371ABA0FAA00D81458 /* Map.png */,
				A739C3381ABA0FAA00D81458 /* Schedule.png */,
				A739C3311ABA0D6500D81458 /* Bookstore.jpeg */,
				A739C32F1ABA098500D81458 /* ClarkHQ.jpeg */,
				A739C32D1ABA077600D81458 /* HomePage3.png */,
				A739C32B1ABA043300D81458 /* HomepageMenu2.jpg */,
				A7B89D271AB620F700503A92 /* bg2.png */,
				FADA5C441ABB76DD000F9F10 /* Bus.png */,
				FAE037721ABCA9030098B353 /* car-2.png */,
				FADA5C461ABB76DD000F9F10 /* Walking.png */,
				A7E437BA1AB375190015B1CC /* Lazy.png */,
				A7E437A21AB372220015B1CC /* Booster Juice.png */,
				A7E437A31AB372220015B1CC /* CGC.png */,
				A7E437A41AB372220015B1CC /* Goode's Cafe.png */,
				A7E437A51AB372220015B1CC /* Gords Cafe.png */,
				A7E437A61AB372220015B1CC /* Khao-Restaurant.png */,
				A7E437A71AB372220015B1CC /* MC2.png */,
				A7E437A81AB372220015B1CC /* Pita Pit.png */,
				A7E437A91AB372220015B1CC /* Pizza Pizza.png */,
				A7E437AA1AB372220015B1CC /* Quiznos.png */,
				A7E437AB1AB372220015B1CC /* Starbucks.png */,
				A7E437AC1AB372220015B1CC /* Teryaki.png */,
				A7E437AD1AB372220015B1CC /* Tim Hortons.png */,
				A778C83E1AB2A55600175CE7 /* person1.png */,
				A778C83F1AB2A55600175CE7 /* person2.png */,
				FA4B61171AB0C63700C3BDAB /* TopBarMap.jpg */,
				A72A2D4B1AA8F8B30039D726 /* utensilIconCopy.png */,
				A7F7915D1AA64FD4001A88A2 /* douglasLibraryCopy.jpg */,
				A7F7915B1AA6476F001A88A2 /* douglasLibrary.jpg */,
				A7BDAA9D1AA109CB00E35518 /* Info.plist */,
			);
			name = "Supporting Files";
			sourceTree = "<group>";
		};
		A7BDAAB11AA109CB00E35518 /* First Year AppTests */ = {
			isa = PBXGroup;
			children = (
				A7BDAAB41AA109CB00E35518 /* First_Year_AppTests.swift */,
				A7BDAAB21AA109CB00E35518 /* Supporting Files */,
			);
			path = "First Year AppTests";
			sourceTree = "<group>";
		};
		A7BDAAB21AA109CB00E35518 /* Supporting Files */ = {
			isa = PBXGroup;
			children = (
				A7BDAAB31AA109CB00E35518 /* Info.plist */,
			);
			name = "Supporting Files";
			sourceTree = "<group>";
		};
/* End PBXGroup section */

/* Begin PBXNativeTarget section */
		A7BDAA981AA109CB00E35518 /* First Year App */ = {
			isa = PBXNativeTarget;
			buildConfigurationList = A7BDAAB81AA109CB00E35518 /* Build configuration list for PBXNativeTarget "First Year App" */;
			buildPhases = (
				A7BDAA951AA109CB00E35518 /* Sources */,
				A7BDAA961AA109CB00E35518 /* Frameworks */,
				A7BDAA971AA109CB00E35518 /* Resources */,
			);
			buildRules = (
			);
			dependencies = (
			);
			name = "First Year App";
			productName = "First Year App";
			productReference = A7BDAA991AA109CB00E35518 /* First Year App.app */;
			productType = "com.apple.product-type.application";
		};
		A7BDAAAD1AA109CB00E35518 /* First Year AppTests */ = {
			isa = PBXNativeTarget;
			buildConfigurationList = A7BDAABB1AA109CB00E35518 /* Build configuration list for PBXNativeTarget "First Year AppTests" */;
			buildPhases = (
				A7BDAAAA1AA109CB00E35518 /* Sources */,
				A7BDAAAB1AA109CB00E35518 /* Frameworks */,
				A7BDAAAC1AA109CB00E35518 /* Resources */,
			);
			buildRules = (
			);
			dependencies = (
				A7BDAAB01AA109CB00E35518 /* PBXTargetDependency */,
			);
			name = "First Year AppTests";
			productName = "First Year AppTests";
			productReference = A7BDAAAE1AA109CB00E35518 /* First Year AppTests.xctest */;
			productType = "com.apple.product-type.bundle.unit-test";
		};
/* End PBXNativeTarget section */

/* Begin PBXProject section */
		A7BDAA911AA109CB00E35518 /* Project object */ = {
			isa = PBXProject;
			attributes = {
				LastUpgradeCheck = 0610;
				ORGANIZATIONNAME = "Nicholas Seale";
				TargetAttributes = {
					A7BDAA981AA109CB00E35518 = {
						CreatedOnToolsVersion = 6.1.1;
					};
					A7BDAAAD1AA109CB00E35518 = {
						CreatedOnToolsVersion = 6.1.1;
						TestTargetID = A7BDAA981AA109CB00E35518;
					};
				};
			};
			buildConfigurationList = A7BDAA941AA109CB00E35518 /* Build configuration list for PBXProject "First Year App" */;
			compatibilityVersion = "Xcode 3.2";
			developmentRegion = English;
			hasScannedForEncodings = 0;
			knownRegions = (
				en,
				Base,
			);
			mainGroup = A7BDAA901AA109CB00E35518;
			productRefGroup = A7BDAA9A1AA109CB00E35518 /* Products */;
			projectDirPath = "";
			projectRoot = "";
			targets = (
				A7BDAA981AA109CB00E35518 /* First Year App */,
				A7BDAAAD1AA109CB00E35518 /* First Year AppTests */,
			);
		};
/* End PBXProject section */

/* Begin PBXResourcesBuildPhase section */
		A7BDAA971AA109CB00E35518 /* Resources */ = {
			isa = PBXResourcesBuildPhase;
			buildActionMask = 2147483647;
			files = (
				FAE0377F1ABCB6FC0098B353 /* ExternalLinks.png in Resources */,
				A7B89D281AB620F800503A92 /* bg2.png in Resources */,
				A7E437B71AB372230015B1CC /* Starbucks.png in Resources */,
				A739C33A1ABA0FAA00D81458 /* Contacts.png in Resources */,
				A739C3301ABA098500D81458 /* ClarkHQ.jpeg in Resources */,
				A778C8411AB2A55600175CE7 /* person2.png in Resources */,
				A7E437B61AB372230015B1CC /* Quiznos.png in Resources */,
				A72A2D4C1AA8F8B30039D726 /* utensilIconCopy.png in Resources */,
				A7E437B51AB372230015B1CC /* Pizza Pizza.png in Resources */,
				A7E437AF1AB372230015B1CC /* CGC.png in Resources */,
				A7BDAAA41AA109CB00E35518 /* Main.storyboard in Resources */,
				A7E437B81AB372230015B1CC /* Teryaki.png in Resources */,
				A739C33B1ABA0FAA00D81458 /* External Links.png in Resources */,
				A739C3321ABA0D6500D81458 /* Bookstore.jpeg in Resources */,
				A7F7915C1AA6476F001A88A2 /* douglasLibrary.jpg in Resources */,
				A739C32E1ABA077600D81458 /* HomePage3.png in Resources */,
				A7BDAAA91AA109CB00E35518 /* LaunchScreen.xib in Resources */,
				A7E437B91AB372230015B1CC /* Tim Hortons.png in Resources */,
				A7E437B01AB372230015B1CC /* Goode's Cafe.png in Resources */,
				A739C33C1ABA0FAA00D81458 /* Food Button.png in Resources */,
				FADA5C491ABB76DD000F9F10 /* Walking.png in Resources */,
				A739C32C1ABA043300D81458 /* HomepageMenu2.jpg in Resources */,
				A7F7915E1AA64FD4001A88A2 /* douglasLibraryCopy.jpg in Resources */,
				A7E437AE1AB372220015B1CC /* Booster Juice.png in Resources */,
				A7E437B31AB372230015B1CC /* MC2.png in Resources */,
				A7E437B41AB372230015B1CC /* Pita Pit.png in Resources */,
				FAE037731ABCA9030098B353 /* car-2.png in Resources */,
				A739C33E1ABA0FAA00D81458 /* Schedule.png in Resources */,
				A739C33D1ABA0FAA00D81458 /* Map.png in Resources */,
				FADA5C471ABB76DD000F9F10 /* Bus.png in Resources */,
				A7BDAAA61AA109CB00E35518 /* Images.xcassets in Resources */,
				A7E437BB1AB375190015B1CC /* Lazy.png in Resources */,
				A7E437B11AB372230015B1CC /* Gords Cafe.png in Resources */,
				A739C3391ABA0FAA00D81458 /* Building Hours.png in Resources */,
				A778C8401AB2A55600175CE7 /* person1.png in Resources */,
				FA4B61181AB0C63700C3BDAB /* TopBarMap.jpg in Resources */,
				A7E437B21AB372230015B1CC /* Khao-Restaurant.png in Resources */,
			);
			runOnlyForDeploymentPostprocessing = 0;
		};
		A7BDAAAC1AA109CB00E35518 /* Resources */ = {
			isa = PBXResourcesBuildPhase;
			buildActionMask = 2147483647;
			files = (
			);
			runOnlyForDeploymentPostprocessing = 0;
		};
/* End PBXResourcesBuildPhase section */

/* Begin PBXSourcesBuildPhase section */
		A7BDAA951AA109CB00E35518 /* Sources */ = {
			isa = PBXSourcesBuildPhase;
			buildActionMask = 2147483647;
			files = (
				FAE037751ABCAABD0098B353 /* QueensU.swift in Sources */,
				A73675BE1AB274770049F815 /* RetailFoodViewController.swift in Sources */,
				FA6D8DBA1ABA0F1400FE94B5 /* Leonard.swift in Sources */,
				FA4B61841AB0DDBD00C3BDAB /* TransitMap.swift in Sources */,
				FA4B617E1AB0DAAD00C3BDAB /* WalkingMap.swift in Sources */,
				FA0720441AAF60B2000F42FC /* Schedule.swift in Sources */,
				FAE0377D1ABCAAF50098B353 /* CheckYourMeals.swift in Sources */,
				FAE037791ABCAADC0098B353 /* D2L.swift in Sources */,
				FA0720461AAF75D6000F42FC /* DrivingMap.swift in Sources */,
				FA6D8DB81ABA08EA00FE94B5 /* BanRigh.swift in Sources */,
				FA6D8DBC1ABA103B00FE94B5 /* JeanRoyce.swift in Sources */,
				A7BDAAA11AA109CB00E35518 /* Home page.swift in Sources */,
				A73675C01AB274AF0049F815 /* CustomCell.swift in Sources */,
				A7E437A11AB36B3A0015B1CC /* DetailViewController.swift in Sources */,
				A73675C41AB275D00049F815 /* Restaurants.swift in Sources */,
				A7BDAA9F1AA109CB00E35518 /* AppDelegate.swift in Sources */,
				FAE037771ABCAAD10098B353 /* Moodle.swift in Sources */,
				FAE0377B1ABCAAE40098B353 /* Solus.swift in Sources */,
			);
			runOnlyForDeploymentPostprocessing = 0;
		};
		A7BDAAAA1AA109CB00E35518 /* Sources */ = {
			isa = PBXSourcesBuildPhase;
			buildActionMask = 2147483647;
			files = (
				A7BDAAB51AA109CB00E35518 /* First_Year_AppTests.swift in Sources */,
			);
			runOnlyForDeploymentPostprocessing = 0;
		};
/* End PBXSourcesBuildPhase section */

/* Begin PBXTargetDependency section */
		A7BDAAB01AA109CB00E35518 /* PBXTargetDependency */ = {
			isa = PBXTargetDependency;
			target = A7BDAA981AA109CB00E35518 /* First Year App */;
			targetProxy = A7BDAAAF1AA109CB00E35518 /* PBXContainerItemProxy */;
		};
/* End PBXTargetDependency section */

/* Begin PBXVariantGroup section */
		A7BDAAA21AA109CB00E35518 /* Main.storyboard */ = {
			isa = PBXVariantGroup;
			children = (
				A7BDAAA31AA109CB00E35518 /* Base */,
			);
			name = Main.storyboard;
			sourceTree = "<group>";
		};
		A7BDAAA71AA109CB00E35518 /* LaunchScreen.xib */ = {
			isa = PBXVariantGroup;
			children = (
				A7BDAAA81AA109CB00E35518 /* Base */,
			);
			name = LaunchScreen.xib;
			sourceTree = "<group>";
		};
/* End PBXVariantGroup section */

/* Begin XCBuildConfiguration section */
		A7BDAAB61AA109CB00E35518 /* Debug */ = {
			isa = XCBuildConfiguration;
			buildSettings = {
				ALWAYS_SEARCH_USER_PATHS = NO;
				CLANG_CXX_LANGUAGE_STANDARD = "gnu++0x";
				CLANG_CXX_LIBRARY = "libc++";
				CLANG_ENABLE_MODULES = YES;
				CLANG_ENABLE_OBJC_ARC = YES;
				CLANG_WARN_BOOL_CONVERSION = YES;
				CLANG_WARN_CONSTANT_CONVERSION = YES;
				CLANG_WARN_DIRECT_OBJC_ISA_USAGE = YES_ERROR;
				CLANG_WARN_EMPTY_BODY = YES;
				CLANG_WARN_ENUM_CONVERSION = YES;
				CLANG_WARN_INT_CONVERSION = YES;
				CLANG_WARN_OBJC_ROOT_CLASS = YES_ERROR;
				CLANG_WARN_UNREACHABLE_CODE = YES;
				CLANG_WARN__DUPLICATE_METHOD_MATCH = YES;
				"CODE_SIGN_IDENTITY[sdk=iphoneos*]" = "iPhone Developer";
				COPY_PHASE_STRIP = NO;
				ENABLE_STRICT_OBJC_MSGSEND = YES;
				GCC_C_LANGUAGE_STANDARD = gnu99;
				GCC_DYNAMIC_NO_PIC = NO;
				GCC_OPTIMIZATION_LEVEL = 0;
				GCC_PREPROCESSOR_DEFINITIONS = (
					"DEBUG=1",
					"$(inherited)",
				);
				GCC_SYMBOLS_PRIVATE_EXTERN = NO;
				GCC_WARN_64_TO_32_BIT_CONVERSION = YES;
				GCC_WARN_ABOUT_RETURN_TYPE = YES_ERROR;
				GCC_WARN_UNDECLARED_SELECTOR = YES;
				GCC_WARN_UNINITIALIZED_AUTOS = YES_AGGRESSIVE;
				GCC_WARN_UNUSED_FUNCTION = YES;
				GCC_WARN_UNUSED_VARIABLE = YES;
				IPHONEOS_DEPLOYMENT_TARGET = 8.1;
				MTL_ENABLE_DEBUG_INFO = YES;
				ONLY_ACTIVE_ARCH = YES;
				SDKROOT = iphoneos;
				SWIFT_OPTIMIZATION_LEVEL = "-Onone";
				TARGETED_DEVICE_FAMILY = "1,2";
			};
			name = Debug;
		};
		A7BDAAB71AA109CB00E35518 /* Release */ = {
			isa = XCBuildConfiguration;
			buildSettings = {
				ALWAYS_SEARCH_USER_PATHS = NO;
				CLANG_CXX_LANGUAGE_STANDARD = "gnu++0x";
				CLANG_CXX_LIBRARY = "libc++";
				CLANG_ENABLE_MODULES = YES;
				CLANG_ENABLE_OBJC_ARC = YES;
				CLANG_WARN_BOOL_CONVERSION = YES;
				CLANG_WARN_CONSTANT_CONVERSION = YES;
				CLANG_WARN_DIRECT_OBJC_ISA_USAGE = YES_ERROR;
				CLANG_WARN_EMPTY_BODY = YES;
				CLANG_WARN_ENUM_CONVERSION = YES;
				CLANG_WARN_INT_CONVERSION = YES;
				CLANG_WARN_OBJC_ROOT_CLASS = YES_ERROR;
				CLANG_WARN_UNREACHABLE_CODE = YES;
				CLANG_WARN__DUPLICATE_METHOD_MATCH = YES;
				"CODE_SIGN_IDENTITY[sdk=iphoneos*]" = "iPhone Developer";
				COPY_PHASE_STRIP = YES;
				ENABLE_NS_ASSERTIONS = NO;
				ENABLE_STRICT_OBJC_MSGSEND = YES;
				GCC_C_LANGUAGE_STANDARD = gnu99;
				GCC_WARN_64_TO_32_BIT_CONVERSION = YES;
				GCC_WARN_ABOUT_RETURN_TYPE = YES_ERROR;
				GCC_WARN_UNDECLARED_SELECTOR = YES;
				GCC_WARN_UNINITIALIZED_AUTOS = YES_AGGRESSIVE;
				GCC_WARN_UNUSED_FUNCTION = YES;
				GCC_WARN_UNUSED_VARIABLE = YES;
				IPHONEOS_DEPLOYMENT_TARGET = 8.1;
				MTL_ENABLE_DEBUG_INFO = NO;
				SDKROOT = iphoneos;
				TARGETED_DEVICE_FAMILY = "1,2";
				VALIDATE_PRODUCT = YES;
			};
			name = Release;
		};
		A7BDAAB91AA109CB00E35518 /* Debug */ = {
			isa = XCBuildConfiguration;
			buildSettings = {
				ASSETCATALOG_COMPILER_APPICON_NAME = AppIcon;
				INFOPLIST_FILE = "First Year App/Info.plist";
				LD_RUNPATH_SEARCH_PATHS = "$(inherited) @executable_path/Frameworks";
				PRODUCT_NAME = "$(TARGET_NAME)";
			};
			name = Debug;
		};
		A7BDAABA1AA109CB00E35518 /* Release */ = {
			isa = XCBuildConfiguration;
			buildSettings = {
				ASSETCATALOG_COMPILER_APPICON_NAME = AppIcon;
				INFOPLIST_FILE = "First Year App/Info.plist";
				LD_RUNPATH_SEARCH_PATHS = "$(inherited) @executable_path/Frameworks";
				PRODUCT_NAME = "$(TARGET_NAME)";
			};
			name = Release;
		};
		A7BDAABC1AA109CB00E35518 /* Debug */ = {
			isa = XCBuildConfiguration;
			buildSettings = {
				BUNDLE_LOADER = "$(TEST_HOST)";
				FRAMEWORK_SEARCH_PATHS = (
					"$(SDKROOT)/Developer/Library/Frameworks",
					"$(inherited)",
				);
				GCC_PREPROCESSOR_DEFINITIONS = (
					"DEBUG=1",
					"$(inherited)",
				);
				INFOPLIST_FILE = "First Year AppTests/Info.plist";
				LD_RUNPATH_SEARCH_PATHS = "$(inherited) @executable_path/Frameworks @loader_path/Frameworks";
				PRODUCT_NAME = "$(TARGET_NAME)";
				TEST_HOST = "$(BUILT_PRODUCTS_DIR)/First Year App.app/First Year App";
			};
			name = Debug;
		};
		A7BDAABD1AA109CB00E35518 /* Release */ = {
			isa = XCBuildConfiguration;
			buildSettings = {
				BUNDLE_LOADER = "$(TEST_HOST)";
				FRAMEWORK_SEARCH_PATHS = (
					"$(SDKROOT)/Developer/Library/Frameworks",
					"$(inherited)",
				);
				INFOPLIST_FILE = "First Year AppTests/Info.plist";
				LD_RUNPATH_SEARCH_PATHS = "$(inherited) @executable_path/Frameworks @loader_path/Frameworks";
				PRODUCT_NAME = "$(TARGET_NAME)";
				TEST_HOST = "$(BUILT_PRODUCTS_DIR)/First Year App.app/First Year App";
			};
			name = Release;
		};
/* End XCBuildConfiguration section */

/* Begin XCConfigurationList section */
		A7BDAA941AA109CB00E35518 /* Build configuration list for PBXProject "First Year App" */ = {
			isa = XCConfigurationList;
			buildConfigurations = (
				A7BDAAB61AA109CB00E35518 /* Debug */,
				A7BDAAB71AA109CB00E35518 /* Release */,
			);
			defaultConfigurationIsVisible = 0;
			defaultConfigurationName = Release;
		};
		A7BDAAB81AA109CB00E35518 /* Build configuration list for PBXNativeTarget "First Year App" */ = {
			isa = XCConfigurationList;
			buildConfigurations = (
				A7BDAAB91AA109CB00E35518 /* Debug */,
				A7BDAABA1AA109CB00E35518 /* Release */,
			);
			defaultConfigurationIsVisible = 0;
			defaultConfigurationName = Release;
		};
		A7BDAABB1AA109CB00E35518 /* Build configuration list for PBXNativeTarget "First Year AppTests" */ = {
			isa = XCConfigurationList;
			buildConfigurations = (
				A7BDAABC1AA109CB00E35518 /* Debug */,
				A7BDAABD1AA109CB00E35518 /* Release */,
			);
			defaultConfigurationIsVisible = 0;
			defaultConfigurationName = Release;
		};
/* End XCConfigurationList section */
	};
	rootObject = A7BDAA911AA109CB00E35518 /* Project object */;
}
